
Microsoft Visual Studio Solution File, Format Version 12.00
# Visual Studio Version 17
VisualStudioVersion = 17.0.31903.59
MinimumVisualStudioVersion = 10.0.40219.1
Project("{2150E333-8FDC-42A3-9474-1A3956D46DE8}") = "src", "src", "{827E0CD3-B72D-47B6-A68D-7590B98EB39B}"
EndProject
Project("{FAE04EC0-301F-11D3-BF4B-00C04F79EFBC}") = "ClaudeMem.Core", "src\ClaudeMem.Core\ClaudeMem.Core.csproj", "{88DFB131-A85F-4E4D-8C6E-1AF1E5FB6325}"
EndProject
Project("{FAE04EC0-301F-11D3-BF4B-00C04F79EFBC}") = "ClaudeMem.Worker", "src\ClaudeMem.Worker\ClaudeMem.Worker.csproj", "{3E32A421-360B-4D01-B52B-06D5EC324CB9}"
EndProject
Project("{FAE04EC0-301F-11D3-BF4B-00C04F79EFBC}") = "ClaudeMem.Hooks", "src\ClaudeMem.Hooks\ClaudeMem.Hooks.csproj", "{7DFFB2EC-11C4-44DE-A836-883349875C46}"
EndProject
Project("{2150E333-8FDC-42A3-9474-1A3956D46DE8}") = "tests", "tests", "{0AB3BF05-4346-4AA6-1389-037BE0695223}"
EndProject
Project("{FAE04EC0-301F-11D3-BF4B-00C04F79EFBC}") = "ClaudeMem.Core.Tests", "tests\ClaudeMem.Core.Tests\ClaudeMem.Core.Tests.csproj", "{A9751404-7A74-4E9D-BDBD-18FBACD60B40}"
EndProject
Global
	GlobalSection(SolutionConfigurationPlatforms) = preSolution
		Debug|Any CPU = Debug|Any CPU
		Debug|x64 = Debug|x64
		Debug|x86 = Debug|x86
		Release|Any CPU = Release|Any CPU
		Release|x64 = Release|x64
		Release|x86 = Release|x86
	EndGlobalSection
	GlobalSection(ProjectConfigurationPlatforms) = postSolution
		{88DFB131-A85F-4E4D-8C6E-1AF1E5FB6325}.Debug|Any CPU.ActiveCfg = Debug|Any CPU
		{88DFB131-A85F-4E4D-8C6E-1AF1E5FB6325}.Debug|Any CPU.Build.0 = Debug|Any CPU
		{88DFB131-A85F-4E4D-8C6E-1AF1E5FB6325}.Debug|x64.ActiveCfg = Debug|Any CPU
		{88DFB131-A85F-4E4D-8C6E-1AF1E5FB6325}.Debug|x64.Build.0 = Debug|Any CPU
		{88DFB131-A85F-4E4D-8C6E-1AF1E5FB6325}.Debug|x86.ActiveCfg = Debug|Any CPU
		{88DFB131-A85F-4E4D-8C6E-1AF1E5FB6325}.Debug|x86.Build.0 = Debug|Any CPU
		{88DFB131-A85F-4E4D-8C6E-1AF1E5FB6325}.Release|Any CPU.ActiveCfg = Release|Any CPU
		{88DFB131-A85F-4E4D-8C6E-1AF1E5FB6325}.Release|Any CPU.Build.0 = Release|Any CPU
		{88DFB131-A85F-4E4D-8C6E-1AF1E5FB6325}.Release|x64.ActiveCfg = Release|Any CPU
		{88DFB131-A85F-4E4D-8C6E-1AF1E5FB6325}.Release|x64.Build.0 = Release|Any CPU
		{88DFB131-A85F-4E4D-8C6E-1AF1E5FB6325}.Release|x86.ActiveCfg = Release|Any CPU
		{88DFB131-A85F-4E4D-8C6E-1AF1E5FB6325}.Release|x86.Build.0 = Release|Any CPU
		{3E32A421-360B-4D01-B52B-06D5EC324CB9}.Debug|Any CPU.ActiveCfg = Debug|Any CPU
		{3E32A421-360B-4D01-B52B-06D5EC324CB9}.Debug|Any CPU.Build.0 = Debug|Any CPU
		{3E32A421-360B-4D01-B52B-06D5EC324CB9}.Debug|x64.ActiveCfg = Debug|Any CPU
		{3E32A421-360B-4D01-B52B-06D5EC324CB9}.Debug|x64.Build.0 = Debug|Any CPU
		{3E32A421-360B-4D01-B52B-06D5EC324CB9}.Debug|x86.ActiveCfg = Debug|Any CPU
		{3E32A421-360B-4D01-B52B-06D5EC324CB9}.Debug|x86.Build.0 = Debug|Any CPU
		{3E32A421-360B-4D01-B52B-06D5EC324CB9}.Release|Any CPU.ActiveCfg = Release|Any CPU
		{3E32A421-360B-4D01-B52B-06D5EC324CB9}.Release|Any CPU.Build.0 = Release|Any CPU
		{3E32A421-360B-4D01-B52B-06D5EC324CB9}.Release|x64.ActiveCfg = Release|Any CPU
		{3E32A421-360B-4D01-B52B-06D5EC324CB9}.Release|x64.Build.0 = Release|Any CPU
		{3E32A421-360B-4D01-B52B-06D5EC324CB9}.Release|x86.ActiveCfg = Release|Any CPU
		{3E32A421-360B-4D01-B52B-06D5EC324CB9}.Release|x86.Build.0 = Release|Any CPU
		{7DFFB2EC-11C4-44DE-A836-883349875C46}.Debug|Any CPU.ActiveCfg = Debug|Any CPU
		{7DFFB2EC-11C4-44DE-A836-883349875C46}.Debug|Any CPU.Build.0 = Debug|Any CPU
		{7DFFB2EC-11C4-44DE-A836-883349875C46}.Debug|x64.ActiveCfg = Debug|Any CPU
		{7DFFB2EC-11C4-44DE-A836-883349875C46}.Debug|x64.Build.0 = Debug|Any CPU
		{7DFFB2EC-11C4-44DE-A836-883349875C46}.Debug|x86.ActiveCfg = Debug|Any CPU
		{7DFFB2EC-11C4-44DE-A836-883349875C46}.Debug|x86.Build.0 = Debug|Any CPU
		{7DFFB2EC-11C4-44DE-A836-883349875C46}.Release|Any CPU.ActiveCfg = Release|Any CPU
		{7DFFB2EC-11C4-44DE-A836-883349875C46}.Release|Any CPU.Build.0 = Release|Any CPU
		{7DFFB2EC-11C4-44DE-A836-883349875C46}.Release|x64.ActiveCfg = Release|Any CPU
		{7DFFB2EC-11C4-44DE-A836-883349875C46}.Release|x64.Build.0 = Release|Any CPU
		{7DFFB2EC-11C4-44DE-A836-883349875C46}.Release|x86.ActiveCfg = Release|Any CPU
		{7DFFB2EC-11C4-44DE-A836-883349875C46}.Release|x86.Build.0 = Release|Any CPU
		{A9751404-7A74-4E9D-BDBD-18FBACD60B40}.Debug|Any CPU.ActiveCfg = Debug|Any CPU
		{A9751404-7A74-4E9D-BDBD-18FBACD60B40}.Debug|Any CPU.Build.0 = Debug|Any CPU
		{A9751404-7A74-4E9D-BDBD-18FBACD60B40}.Debug|x64.ActiveCfg = Debug|Any CPU
		{A9751404-7A74-4E9D-BDBD-18FBACD60B40}.Debug|x64.Build.0 = Debug|Any CPU
		{A9751404-7A74-4E9D-BDBD-18FBACD60B40}.Debug|x86.ActiveCfg = Debug|Any CPU
		{A9751404-7A74-4E9D-BDBD-18FBACD60B40}.Debug|x86.Build.0 = Debug|Any CPU
		{A9751404-7A74-4E9D-BDBD-18FBACD60B40}.Release|Any CPU.ActiveCfg = Release|Any CPU
		{A9751404-7A74-4E9D-BDBD-18FBACD60B40}.Release|Any CPU.Build.0 = Release|Any CPU
		{A9751404-7A74-4E9D-BDBD-18FBACD60B40}.Release|x64.ActiveCfg = Release|Any CPU
		{A9751404-7A74-4E9D-BDBD-18FBACD60B40}.Release|x64.Build.0 = Release|Any CPU
		{A9751404-7A74-4E9D-BDBD-18FBACD60B40}.Release|x86.ActiveCfg = Release|Any CPU
		{A9751404-7A74-4E9D-BDBD-18FBACD60B40}.Release|x86.Build.0 = Release|Any CPU
	EndGlobalSection
	GlobalSection(SolutionProperties) = preSolution
		HideSolutionNode = FALSE
	EndGlobalSection
	GlobalSection(NestedProjects) = preSolution
		{88DFB131-A85F-4E4D-8C6E-1AF1E5FB6325} = {827E0CD3-B72D-47B6-A68D-7590B98EB39B}
		{3E32A421-360B-4D01-B52B-06D5EC324CB9} = {827E0CD3-B72D-47B6-A68D-7590B98EB39B}
		{7DFFB2EC-11C4-44DE-A836-883349875C46} = {827E0CD3-B72D-47B6-A68D-7590B98EB39B}
		{A9751404-7A74-4E9D-BDBD-18FBACD60B40} = {0AB3BF05-4346-4AA6-1389-037BE0695223}
	EndGlobalSection
EndGlobal
